
Microsoft Visual Studio Solution File, Format Version 12.00
# Visual Studio 14
VisualStudioVersion = 14.0.25420.1
MinimumVisualStudioVersion = 10.0.40219.1
Project("{2150E333-8FDC-42A3-9474-1A3956D46DE8}") = "src", "src", "{93CB7921-F73A-4138-8477-15F874A4AB76}"
EndProject
Project("{2150E333-8FDC-42A3-9474-1A3956D46DE8}") = "Solution Items", "Solution Items", "{3C519E59-EA9C-45EB-B930-0FF4BB93B280}"
	ProjectSection(SolutionItems) = preProject
		global.json = global.json
	EndProjectSection
EndProject
Project("{8BB2217D-0F2D-49D1-97BC-3654ED321F3B}") = "Common", "src\Common\Common.xproj", "{6F97C9D4-028E-4272-8F55-37D925B62947}"
EndProject
Project("{8BB2217D-0F2D-49D1-97BC-3654ED321F3B}") = "pifa.db", "src\pifa.db\pifa.db.xproj", "{2A2E0B65-7E96-4D16-A77E-DB22E5E70712}"
EndProject
Project("{8BB2217D-0F2D-49D1-97BC-3654ED321F3B}") = "Admin", "src\Admin\Admin.xproj", "{061EF0AA-F392-4616-BED3-47F354CB6AC7}"
EndProject
Global
	GlobalSection(SolutionConfigurationPlatforms) = preSolution
		Debug|Any CPU = Debug|Any CPU
		Release|Any CPU = Release|Any CPU
	EndGlobalSection
	GlobalSection(ProjectConfigurationPlatforms) = postSolution
		{6F97C9D4-028E-4272-8F55-37D925B62947}.Debug|Any CPU.ActiveCfg = Debug|Any CPU
		{6F97C9D4-028E-4272-8F55-37D925B62947}.Debug|Any CPU.Build.0 = Debug|Any CPU
		{6F97C9D4-028E-4272-8F55-37D925B62947}.Release|Any CPU.ActiveCfg = Release|Any CPU
		{6F97C9D4-028E-4272-8F55-37D925B62947}.Release|Any CPU.Build.0 = Release|Any CPU
		{2A2E0B65-7E96-4D16-A77E-DB22E5E70712}.Debug|Any CPU.ActiveCfg = Debug|Any CPU
		{2A2E0B65-7E96-4D16-A77E-DB22E5E70712}.Debug|Any CPU.Build.0 = Debug|Any CPU
		{2A2E0B65-7E96-4D16-A77E-DB22E5E70712}.Release|Any CPU.ActiveCfg = Release|Any CPU
		{2A2E0B65-7E96-4D16-A77E-DB22E5E70712}.Release|Any CPU.Build.0 = Release|Any CPU
		{061EF0AA-F392-4616-BED3-47F354CB6AC7}.Debug|Any CPU.ActiveCfg = Debug|Any CPU
		{061EF0AA-F392-4616-BED3-47F354CB6AC7}.Debug|Any CPU.Build.0 = Debug|Any CPU
		{061EF0AA-F392-4616-BED3-47F354CB6AC7}.Release|Any CPU.ActiveCfg = Release|Any CPU
		{061EF0AA-F392-4616-BED3-47F354CB6AC7}.Release|Any CPU.Build.0 = Release|Any CPU
	EndGlobalSection
	GlobalSection(SolutionProperties) = preSolution
		HideSolutionNode = FALSE
	EndGlobalSection
	GlobalSection(NestedProjects) = preSolution
		{6F97C9D4-028E-4272-8F55-37D925B62947} = {93CB7921-F73A-4138-8477-15F874A4AB76}
		{2A2E0B65-7E96-4D16-A77E-DB22E5E70712} = {93CB7921-F73A-4138-8477-15F874A4AB76}
		{061EF0AA-F392-4616-BED3-47F354CB6AC7} = {93CB7921-F73A-4138-8477-15F874A4AB76}
	EndGlobalSection
EndGlobal
