
Microsoft Visual Studio Solution File, Format Version 12.00
# Visual Studio 14
VisualStudioVersion = 14.0.25420.1
MinimumVisualStudioVersion = 10.0.40219.1
Project("{2150E333-8FDC-42A3-9474-1A3956D46DE8}") = "src", "src", "{DBF17F08-E684-43ED-A11C-12F6FAB1730F}"
EndProject
Project("{2150E333-8FDC-42A3-9474-1A3956D46DE8}") = "Solution Items", "Solution Items", "{60CCF2DB-2FA9-426E-9C71-FDB7B6C67682}"
	ProjectSection(SolutionItems) = preProject
		global.json = global.json
	EndProjectSection
EndProject
Project("{8BB2217D-0F2D-49D1-97BC-3654ED321F3B}") = "Common", "src\Common\Common.xproj", "{325F9E7E-A349-4C3B-85A0-C0512B455405}"
EndProject
Project("{8BB2217D-0F2D-49D1-97BC-3654ED321F3B}") = "pifa.db", "src\pifa.db\pifa.db.xproj", "{013EB131-3BA0-405D-BA3D-73421D413C7F}"
EndProject
Project("{8BB2217D-0F2D-49D1-97BC-3654ED321F3B}") = "Admin", "src\Admin\Admin.xproj", "{0CF368B6-87FD-4FBA-8811-167B44B013C9}"
EndProject
Global
	GlobalSection(SolutionConfigurationPlatforms) = preSolution
		Debug|Any CPU = Debug|Any CPU
		Release|Any CPU = Release|Any CPU
	EndGlobalSection
	GlobalSection(ProjectConfigurationPlatforms) = postSolution
		{325F9E7E-A349-4C3B-85A0-C0512B455405}.Debug|Any CPU.ActiveCfg = Debug|Any CPU
		{325F9E7E-A349-4C3B-85A0-C0512B455405}.Debug|Any CPU.Build.0 = Debug|Any CPU
		{325F9E7E-A349-4C3B-85A0-C0512B455405}.Release|Any CPU.ActiveCfg = Release|Any CPU
		{325F9E7E-A349-4C3B-85A0-C0512B455405}.Release|Any CPU.Build.0 = Release|Any CPU
		{013EB131-3BA0-405D-BA3D-73421D413C7F}.Debug|Any CPU.ActiveCfg = Debug|Any CPU
		{013EB131-3BA0-405D-BA3D-73421D413C7F}.Debug|Any CPU.Build.0 = Debug|Any CPU
		{013EB131-3BA0-405D-BA3D-73421D413C7F}.Release|Any CPU.ActiveCfg = Release|Any CPU
		{013EB131-3BA0-405D-BA3D-73421D413C7F}.Release|Any CPU.Build.0 = Release|Any CPU
		{0CF368B6-87FD-4FBA-8811-167B44B013C9}.Debug|Any CPU.ActiveCfg = Debug|Any CPU
		{0CF368B6-87FD-4FBA-8811-167B44B013C9}.Debug|Any CPU.Build.0 = Debug|Any CPU
		{0CF368B6-87FD-4FBA-8811-167B44B013C9}.Release|Any CPU.ActiveCfg = Release|Any CPU
		{0CF368B6-87FD-4FBA-8811-167B44B013C9}.Release|Any CPU.Build.0 = Release|Any CPU
	EndGlobalSection
	GlobalSection(SolutionProperties) = preSolution
		HideSolutionNode = FALSE
	EndGlobalSection
	GlobalSection(NestedProjects) = preSolution
		{325F9E7E-A349-4C3B-85A0-C0512B455405} = {DBF17F08-E684-43ED-A11C-12F6FAB1730F}
		{013EB131-3BA0-405D-BA3D-73421D413C7F} = {DBF17F08-E684-43ED-A11C-12F6FAB1730F}
		{0CF368B6-87FD-4FBA-8811-167B44B013C9} = {DBF17F08-E684-43ED-A11C-12F6FAB1730F}
	EndGlobalSection
EndGlobal
